// !$*UTF8*$!
{
	archiveVersion = 1;
	classes = {
	};
	objectVersion = 56;
	objects = {

/* Begin PBXBuildFile section */
		176F038D2D08E792005DCB87 /* minesweeper_2_0App.swift in Sources */ = {isa = PBXBuildFile; fileRef = 176F038C2D08E792005DCB87 /* minesweeper_2_0App.swift */; };
		176F038F2D08E792005DCB87 /* ContentView.swift in Sources */ = {isa = PBXBuildFile; fileRef = 176F038E2D08E792005DCB87 /* ContentView.swift */; };
		176F03912D08E794005DCB87 /* Assets.xcassets in Resources */ = {isa = PBXBuildFile; fileRef = 176F03902D08E794005DCB87 /* Assets.xcassets */; };
		176F03942D08E794005DCB87 /* Preview Assets.xcassets in Resources */ = {isa = PBXBuildFile; fileRef = 176F03932D08E794005DCB87 /* Preview Assets.xcassets */; };
		176F039E2D08E796005DCB87 /* minesweeper_2_0Tests.swift in Sources */ = {isa = PBXBuildFile; fileRef = 176F039D2D08E796005DCB87 /* minesweeper_2_0Tests.swift */; };
		176F03A82D08E796005DCB87 /* minesweeper_2_0UITests.swift in Sources */ = {isa = PBXBuildFile; fileRef = 176F03A72D08E796005DCB87 /* minesweeper_2_0UITests.swift */; };
		176F03AA2D08E796005DCB87 /* minesweeper_2_0UITestsLaunchTests.swift in Sources */ = {isa = PBXBuildFile; fileRef = 176F03A92D08E796005DCB87 /* minesweeper_2_0UITestsLaunchTests.swift */; };
/* End PBXBuildFile section */

/* Begin PBXContainerItemProxy section */
		176F039A2D08E796005DCB87 /* PBXContainerItemProxy */ = {
			isa = PBXContainerItemProxy;
			containerPortal = 176F03812D08E792005DCB87 /* Project object */;
			proxyType = 1;
			remoteGlobalIDString = 176F03882D08E792005DCB87;
			remoteInfo = "minesweeper 2.0";
		};
		176F03A42D08E796005DCB87 /* PBXContainerItemProxy */ = {
			isa = PBXContainerItemProxy;
			containerPortal = 176F03812D08E792005DCB87 /* Project object */;
			proxyType = 1;
			remoteGlobalIDString = 176F03882D08E792005DCB87;
			remoteInfo = "minesweeper 2.0";
		};
/* End PBXContainerItemProxy section */

/* Begin PBXFileReference section */
		176F03892D08E792005DCB87 /* minesweeper 2.0.app */ = {isa = PBXFileReference; explicitFileType = wrapper.application; includeInIndex = 0; path = "minesweeper 2.0.app"; sourceTree = BUILT_PRODUCTS_DIR; };
		176F038C2D08E792005DCB87 /* minesweeper_2_0App.swift */ = {isa = PBXFileReference; lastKnownFileType = sourcecode.swift; path = minesweeper_2_0App.swift; sourceTree = "<group>"; };
		176F038E2D08E792005DCB87 /* ContentView.swift */ = {isa = PBXFileReference; lastKnownFileType = sourcecode.swift; path = ContentView.swift; sourceTree = "<group>"; };
		176F03902D08E794005DCB87 /* Assets.xcassets */ = {isa = PBXFileReference; lastKnownFileType = folder.assetcatalog; path = Assets.xcassets; sourceTree = "<group>"; };
		176F03932D08E794005DCB87 /* Preview Assets.xcassets */ = {isa = PBXFileReference; lastKnownFileType = folder.assetcatalog; path = "Preview Assets.xcassets"; sourceTree = "<group>"; };
		176F03992D08E796005DCB87 /* minesweeper 2.0Tests.xctest */ = {isa = PBXFileReference; explicitFileType = wrapper.cfbundle; includeInIndex = 0; path = "minesweeper 2.0Tests.xctest"; sourceTree = BUILT_PRODUCTS_DIR; };
		176F039D2D08E796005DCB87 /* minesweeper_2_0Tests.swift */ = {isa = PBXFileReference; lastKnownFileType = sourcecode.swift; path = minesweeper_2_0Tests.swift; sourceTree = "<group>"; };
		176F03A32D08E796005DCB87 /* minesweeper 2.0UITests.xctest */ = {isa = PBXFileReference; explicitFileType = wrapper.cfbundle; includeInIndex = 0; path = "minesweeper 2.0UITests.xctest"; sourceTree = BUILT_PRODUCTS_DIR; };
		176F03A72D08E796005DCB87 /* minesweeper_2_0UITests.swift */ = {isa = PBXFileReference; lastKnownFileType = sourcecode.swift; path = minesweeper_2_0UITests.swift; sourceTree = "<group>"; };
		176F03A92D08E796005DCB87 /* minesweeper_2_0UITestsLaunchTests.swift */ = {isa = PBXFileReference; lastKnownFileType = sourcecode.swift; path = minesweeper_2_0UITestsLaunchTests.swift; sourceTree = "<group>"; };
/* End PBXFileReference section */

/* Begin PBXFrameworksBuildPhase section */
		176F03862D08E792005DCB87 /* Frameworks */ = {
			isa = PBXFrameworksBuildPhase;
			buildActionMask = 2147483647;
			files = (
			);
			runOnlyForDeploymentPostprocessing = 0;
		};
		176F03962D08E796005DCB87 /* Frameworks */ = {
			isa = PBXFrameworksBuildPhase;
			buildActionMask = 2147483647;
			files = (
			);
			runOnlyForDeploymentPostprocessing = 0;
		};
		176F03A02D08E796005DCB87 /* Frameworks */ = {
			isa = PBXFrameworksBuildPhase;
			buildActionMask = 2147483647;
			files = (
			);
			runOnlyForDeploymentPostprocessing = 0;
		};
/* End PBXFrameworksBuildPhase section */

/* Begin PBXGroup section */
		176F03802D08E792005DCB87 = {
			isa = PBXGroup;
			children = (
				176F038B2D08E792005DCB87 /* minesweeper 2.0 */,
				176F039C2D08E796005DCB87 /* minesweeper 2.0Tests */,
				176F03A62D08E796005DCB87 /* minesweeper 2.0UITests */,
				176F038A2D08E792005DCB87 /* Products */,
			);
			sourceTree = "<group>";
		};
		176F038A2D08E792005DCB87 /* Products */ = {
			isa = PBXGroup;
			children = (
				176F03892D08E792005DCB87 /* minesweeper 2.0.app */,
				176F03992D08E796005DCB87 /* minesweeper 2.0Tests.xctest */,
				176F03A32D08E796005DCB87 /* minesweeper 2.0UITests.xctest */,
			);
			name = Products;
			sourceTree = "<group>";
		};
		176F038B2D08E792005DCB87 /* minesweeper 2.0 */ = {
			isa = PBXGroup;
			children = (
				176F038C2D08E792005DCB87 /* minesweeper_2_0App.swift */,
				176F038E2D08E792005DCB87 /* ContentView.swift */,
				176F03902D08E794005DCB87 /* Assets.xcassets */,
				176F03922D08E794005DCB87 /* Preview Content */,
			);
			path = "minesweeper 2.0";
			sourceTree = "<group>";
		};
		176F03922D08E794005DCB87 /* Preview Content */ = {
			isa = PBXGroup;
			children = (
				176F03932D08E794005DCB87 /* Preview Assets.xcassets */,
			);
			path = "Preview Content";
			sourceTree = "<group>";
		};
		176F039C2D08E796005DCB87 /* minesweeper 2.0Tests */ = {
			isa = PBXGroup;
			children = (
				176F039D2D08E796005DCB87 /* minesweeper_2_0Tests.swift */,
			);
			path = "minesweeper 2.0Tests";
			sourceTree = "<group>";
		};
		176F03A62D08E796005DCB87 /* minesweeper 2.0UITests */ = {
			isa = PBXGroup;
			children = (
				176F03A72D08E796005DCB87 /* minesweeper_2_0UITests.swift */,
				176F03A92D08E796005DCB87 /* minesweeper_2_0UITestsLaunchTests.swift */,
			);
			path = "minesweeper 2.0UITests";
			sourceTree = "<group>";
		};
/* End PBXGroup section */

/* Begin PBXNativeTarget section */
		176F03882D08E792005DCB87 /* minesweeper 2.0 */ = {
			isa = PBXNativeTarget;
			buildConfigurationList = 176F03AD2D08E796005DCB87 /* Build configuration list for PBXNativeTarget "minesweeper 2.0" */;
			buildPhases = (
				176F03852D08E792005DCB87 /* Sources */,
				176F03862D08E792005DCB87 /* Frameworks */,
				176F03872D08E792005DCB87 /* Resources */,
			);
			buildRules = (
			);
			dependencies = (
			);
			name = "minesweeper 2.0";
			productName = "minesweeper 2.0";
			productReference = 176F03892D08E792005DCB87 /* minesweeper 2.0.app */;
			productType = "com.apple.product-type.application";
		};
		176F03982D08E796005DCB87 /* minesweeper 2.0Tests */ = {
			isa = PBXNativeTarget;
			buildConfigurationList = 176F03B02D08E796005DCB87 /* Build configuration list for PBXNativeTarget "minesweeper 2.0Tests" */;
			buildPhases = (
				176F03952D08E796005DCB87 /* Sources */,
				176F03962D08E796005DCB87 /* Frameworks */,
				176F03972D08E796005DCB87 /* Resources */,
			);
			buildRules = (
			);
			dependencies = (
				176F039B2D08E796005DCB87 /* PBXTargetDependency */,
			);
			name = "minesweeper 2.0Tests";
			productName = "minesweeper 2.0Tests";
			productReference = 176F03992D08E796005DCB87 /* minesweeper 2.0Tests.xctest */;
			productType = "com.apple.product-type.bundle.unit-test";
		};
		176F03A22D08E796005DCB87 /* minesweeper 2.0UITests */ = {
			isa = PBXNativeTarget;
			buildConfigurationList = 176F03B32D08E796005DCB87 /* Build configuration list for PBXNativeTarget "minesweeper 2.0UITests" */;
			buildPhases = (
				176F039F2D08E796005DCB87 /* Sources */,
				176F03A02D08E796005DCB87 /* Frameworks */,
				176F03A12D08E796005DCB87 /* Resources */,
			);
			buildRules = (
			);
			dependencies = (
				176F03A52D08E796005DCB87 /* PBXTargetDependency */,
			);
			name = "minesweeper 2.0UITests";
			productName = "minesweeper 2.0UITests";
			productReference = 176F03A32D08E796005DCB87 /* minesweeper 2.0UITests.xctest */;
			productType = "com.apple.product-type.bundle.ui-testing";
		};
/* End PBXNativeTarget section */

/* Begin PBXProject section */
		176F03812D08E792005DCB87 /* Project object */ = {
			isa = PBXProject;
			attributes = {
				BuildIndependentTargetsInParallel = 1;
				LastSwiftUpdateCheck = 1520;
				LastUpgradeCheck = 1520;
				TargetAttributes = {
					176F03882D08E792005DCB87 = {
						CreatedOnToolsVersion = 15.2;
					};
					176F03982D08E796005DCB87 = {
						CreatedOnToolsVersion = 15.2;
						TestTargetID = 176F03882D08E792005DCB87;
					};
					176F03A22D08E796005DCB87 = {
						CreatedOnToolsVersion = 15.2;
						TestTargetID = 176F03882D08E792005DCB87;
					};
				};
			};
			buildConfigurationList = 176F03842D08E792005DCB87 /* Build configuration list for PBXProject "minesweeper 2.0" */;
			compatibilityVersion = "Xcode 14.0";
			developmentRegion = en;
			hasScannedForEncodings = 0;
			knownRegions = (
				en,
				Base,
			);
			mainGroup = 176F03802D08E792005DCB87;
			productRefGroup = 176F038A2D08E792005DCB87 /* Products */;
			projectDirPath = "";
			projectRoot = "";
			targets = (
				176F03882D08E792005DCB87 /* minesweeper 2.0 */,
				176F03982D08E796005DCB87 /* minesweeper 2.0Tests */,
				176F03A22D08E796005DCB87 /* minesweeper 2.0UITests */,
			);
		};
/* End PBXProject section */

/* Begin PBXResourcesBuildPhase section */
		176F03872D08E792005DCB87 /* Resources */ = {
			isa = PBXResourcesBuildPhase;
			buildActionMask = 2147483647;
			files = (
				176F03942D08E794005DCB87 /* Preview Assets.xcassets in Resources */,
				176F03912D08E794005DCB87 /* Assets.xcassets in Resources */,
			);
			runOnlyForDeploymentPostprocessing = 0;
		};
		176F03972D08E796005DCB87 /* Resources */ = {
			isa = PBXResourcesBuildPhase;
			buildActionMask = 2147483647;
			files = (
			);
			runOnlyForDeploymentPostprocessing = 0;
		};
		176F03A12D08E796005DCB87 /* Resources */ = {
			isa = PBXResourcesBuildPhase;
			buildActionMask = 2147483647;
			files = (
			);
			runOnlyForDeploymentPostprocessing = 0;
		};
/* End PBXResourcesBuildPhase section */

/* Begin PBXSourcesBuildPhase section */
		176F03852D08E792005DCB87 /* Sources */ = {
			isa = PBXSourcesBuildPhase;
			buildActionMask = 2147483647;
			files = (
				176F038F2D08E792005DCB87 /* ContentView.swift in Sources */,
				176F038D2D08E792005DCB87 /* minesweeper_2_0App.swift in Sources */,
			);
			runOnlyForDeploymentPostprocessing = 0;
		};
		176F03952D08E796005DCB87 /* Sources */ = {
			isa = PBXSourcesBuildPhase;
			buildActionMask = 2147483647;
			files = (
				176F039E2D08E796005DCB87 /* minesweeper_2_0Tests.swift in Sources */,
			);
			runOnlyForDeploymentPostprocessing = 0;
		};
		176F039F2D08E796005DCB87 /* Sources */ = {
			isa = PBXSourcesBuildPhase;
			buildActionMask = 2147483647;
			files = (
				176F03A82D08E796005DCB87 /* minesweeper_2_0UITests.swift in Sources */,
				176F03AA2D08E796005DCB87 /* minesweeper_2_0UITestsLaunchTests.swift in Sources */,
			);
			runOnlyForDeploymentPostprocessing = 0;
		};
/* End PBXSourcesBuildPhase section */

/* Begin PBXTargetDependency section */
		176F039B2D08E796005DCB87 /* PBXTargetDependency */ = {
			isa = PBXTargetDependency;
			target = 176F03882D08E792005DCB87 /* minesweeper 2.0 */;
			targetProxy = 176F039A2D08E796005DCB87 /* PBXContainerItemProxy */;
		};
		176F03A52D08E796005DCB87 /* PBXTargetDependency */ = {
			isa = PBXTargetDependency;
			target = 176F03882D08E792005DCB87 /* minesweeper 2.0 */;
			targetProxy = 176F03A42D08E796005DCB87 /* PBXContainerItemProxy */;
		};
/* End PBXTargetDependency section */

/* Begin XCBuildConfiguration section */
		176F03AB2D08E796005DCB87 /* Debug */ = {
			isa = XCBuildConfiguration;
			buildSettings = {
				ALWAYS_SEARCH_USER_PATHS = NO;
				ASSETCATALOG_COMPILER_GENERATE_SWIFT_ASSET_SYMBOL_EXTENSIONS = YES;
				CLANG_ANALYZER_NONNULL = YES;
				CLANG_ANALYZER_NUMBER_OBJECT_CONVERSION = YES_AGGRESSIVE;
				CLANG_CXX_LANGUAGE_STANDARD = "gnu++20";
				CLANG_ENABLE_MODULES = YES;
				CLANG_ENABLE_OBJC_ARC = YES;
				CLANG_ENABLE_OBJC_WEAK = YES;
				CLANG_WARN_BLOCK_CAPTURE_AUTORELEASING = YES;
				CLANG_WARN_BOOL_CONVERSION = YES;
				CLANG_WARN_COMMA = YES;
				CLANG_WARN_CONSTANT_CONVERSION = YES;
				CLANG_WARN_DEPRECATED_OBJC_IMPLEMENTATIONS = YES;
				CLANG_WARN_DIRECT_OBJC_ISA_USAGE = YES_ERROR;
				CLANG_WARN_DOCUMENTATION_COMMENTS = YES;
				CLANG_WARN_EMPTY_BODY = YES;
				CLANG_WARN_ENUM_CONVERSION = YES;
				CLANG_WARN_INFINITE_RECURSION = YES;
				CLANG_WARN_INT_CONVERSION = YES;
				CLANG_WARN_NON_LITERAL_NULL_CONVERSION = YES;
				CLANG_WARN_OBJC_IMPLICIT_RETAIN_SELF = YES;
				CLANG_WARN_OBJC_LITERAL_CONVERSION = YES;
				CLANG_WARN_OBJC_ROOT_CLASS = YES_ERROR;
				CLANG_WARN_QUOTED_INCLUDE_IN_FRAMEWORK_HEADER = YES;
				CLANG_WARN_RANGE_LOOP_ANALYSIS = YES;
				CLANG_WARN_STRICT_PROTOTYPES = YES;
				CLANG_WARN_SUSPICIOUS_MOVE = YES;
				CLANG_WARN_UNGUARDED_AVAILABILITY = YES_AGGRESSIVE;
				CLANG_WARN_UNREACHABLE_CODE = YES;
				CLANG_WARN__DUPLICATE_METHOD_MATCH = YES;
				COPY_PHASE_STRIP = NO;
				DEBUG_INFORMATION_FORMAT = dwarf;
				ENABLE_STRICT_OBJC_MSGSEND = YES;
				ENABLE_TESTABILITY = YES;
				ENABLE_USER_SCRIPT_SANDBOXING = YES;
				GCC_C_LANGUAGE_STANDARD = gnu17;
				GCC_DYNAMIC_NO_PIC = NO;
				GCC_NO_COMMON_BLOCKS = YES;
				GCC_OPTIMIZATION_LEVEL = 0;
				GCC_PREPROCESSOR_DEFINITIONS = (
					"DEBUG=1",
					"$(inherited)",
				);
				GCC_WARN_64_TO_32_BIT_CONVERSION = YES;
				GCC_WARN_ABOUT_RETURN_TYPE = YES_ERROR;
				GCC_WARN_UNDECLARED_SELECTOR = YES;
				GCC_WARN_UNINITIALIZED_AUTOS = YES_AGGRESSIVE;
				GCC_WARN_UNUSED_FUNCTION = YES;
				GCC_WARN_UNUSED_VARIABLE = YES;
				IPHONEOS_DEPLOYMENT_TARGET = 17.2;
				LOCALIZATION_PREFERS_STRING_CATALOGS = YES;
				MTL_ENABLE_DEBUG_INFO = INCLUDE_SOURCE;
				MTL_FAST_MATH = YES;
				ONLY_ACTIVE_ARCH = YES;
				SDKROOT = iphoneos;
				SWIFT_ACTIVE_COMPILATION_CONDITIONS = "DEBUG $(inherited)";
				SWIFT_OPTIMIZATION_LEVEL = "-Onone";
			};
			name = Debug;
		};
		176F03AC2D08E796005DCB87 /* Release */ = {
			isa = XCBuildConfiguration;
			buildSettings = {
				ALWAYS_SEARCH_USER_PATHS = NO;
				ASSETCATALOG_COMPILER_GENERATE_SWIFT_ASSET_SYMBOL_EXTENSIONS = YES;
				CLANG_ANALYZER_NONNULL = YES;
				CLANG_ANALYZER_NUMBER_OBJECT_CONVERSION = YES_AGGRESSIVE;
				CLANG_CXX_LANGUAGE_STANDARD = "gnu++20";
				CLANG_ENABLE_MODULES = YES;
				CLANG_ENABLE_OBJC_ARC = YES;
				CLANG_ENABLE_OBJC_WEAK = YES;
				CLANG_WARN_BLOCK_CAPTURE_AUTORELEASING = YES;
				CLANG_WARN_BOOL_CONVERSION = YES;
				CLANG_WARN_COMMA = YES;
				CLANG_WARN_CONSTANT_CONVERSION = YES;
				CLANG_WARN_DEPRECATED_OBJC_IMPLEMENTATIONS = YES;
				CLANG_WARN_DIRECT_OBJC_ISA_USAGE = YES_ERROR;
				CLANG_WARN_DOCUMENTATION_COMMENTS = YES;
				CLANG_WARN_EMPTY_BODY = YES;
				CLANG_WARN_ENUM_CONVERSION = YES;
				CLANG_WARN_INFINITE_RECURSION = YES;
				CLANG_WARN_INT_CONVERSION = YES;
				CLANG_WARN_NON_LITERAL_NULL_CONVERSION = YES;
				CLANG_WARN_OBJC_IMPLICIT_RETAIN_SELF = YES;
				CLANG_WARN_OBJC_LITERAL_CONVERSION = YES;
				CLANG_WARN_OBJC_ROOT_CLASS = YES_ERROR;
				CLANG_WARN_QUOTED_INCLUDE_IN_FRAMEWORK_HEADER = YES;
				CLANG_WARN_RANGE_LOOP_ANALYSIS = YES;
				CLANG_WARN_STRICT_PROTOTYPES = YES;
				CLANG_WARN_SUSPICIOUS_MOVE = YES;
				CLANG_WARN_UNGUARDED_AVAILABILITY = YES_AGGRESSIVE;
				CLANG_WARN_UNREACHABLE_CODE = YES;
				CLANG_WARN__DUPLICATE_METHOD_MATCH = YES;
				COPY_PHASE_STRIP = NO;
				DEBUG_INFORMATION_FORMAT = "dwarf-with-dsym";
				ENABLE_NS_ASSERTIONS = NO;
				ENABLE_STRICT_OBJC_MSGSEND = YES;
				ENABLE_USER_SCRIPT_SANDBOXING = YES;
				GCC_C_LANGUAGE_STANDARD = gnu17;
				GCC_NO_COMMON_BLOCKS = YES;
				GCC_WARN_64_TO_32_BIT_CONVERSION = YES;
				GCC_WARN_ABOUT_RETURN_TYPE = YES_ERROR;
				GCC_WARN_UNDECLARED_SELECTOR = YES;
				GCC_WARN_UNINITIALIZED_AUTOS = YES_AGGRESSIVE;
				GCC_WARN_UNUSED_FUNCTION = YES;
				GCC_WARN_UNUSED_VARIABLE = YES;
				IPHONEOS_DEPLOYMENT_TARGET = 17.2;
				LOCALIZATION_PREFERS_STRING_CATALOGS = YES;
				MTL_ENABLE_DEBUG_INFO = NO;
				MTL_FAST_MATH = YES;
				SDKROOT = iphoneos;
				SWIFT_COMPILATION_MODE = wholemodule;
				VALIDATE_PRODUCT = YES;
			};
			name = Release;
		};
		176F03AE2D08E796005DCB87 /* Debug */ = {
			isa = XCBuildConfiguration;
			buildSettings = {
				ASSETCATALOG_COMPILER_APPICON_NAME = AppIcon;
				ASSETCATALOG_COMPILER_GLOBAL_ACCENT_COLOR_NAME = AccentColor;
				CODE_SIGN_STYLE = Automatic;
				CURRENT_PROJECT_VERSION = 1;
				DEVELOPMENT_ASSET_PATHS = "\"minesweeper 2.0/Preview Content\"";
				DEVELOPMENT_TEAM = QKFB852L7T;
				ENABLE_PREVIEWS = YES;
				GENERATE_INFOPLIST_FILE = YES;
				INFOPLIST_KEY_UIApplicationSceneManifest_Generation = YES;
				INFOPLIST_KEY_UIApplicationSupportsIndirectInputEvents = YES;
				INFOPLIST_KEY_UILaunchScreen_Generation = YES;
				INFOPLIST_KEY_UISupportedInterfaceOrientations_iPad = "UIInterfaceOrientationPortrait UIInterfaceOrientationPortraitUpsideDown UIInterfaceOrientationLandscapeLeft UIInterfaceOrientationLandscapeRight";
				INFOPLIST_KEY_UISupportedInterfaceOrientations_iPhone = "UIInterfaceOrientationPortrait UIInterfaceOrientationLandscapeLeft UIInterfaceOrientationLandscapeRight";
				LD_RUNPATH_SEARCH_PATHS = (
					"$(inherited)",
					"@executable_path/Frameworks",
				);
				MARKETING_VERSION = 1.0;
				PRODUCT_BUNDLE_IDENTIFIER = "tylink.minesweeper-2-0";
				PRODUCT_NAME = "$(TARGET_NAME)";
				SWIFT_EMIT_LOC_STRINGS = YES;
				SWIFT_VERSION = 5.0;
				TARGETED_DEVICE_FAMILY = "1,2";
			};
			name = Debug;
		};
		176F03AF2D08E796005DCB87 /* Release */ = {
			isa = XCBuildConfiguration;
			buildSettings = {
				ASSETCATALOG_COMPILER_APPICON_NAME = AppIcon;
				ASSETCATALOG_COMPILER_GLOBAL_ACCENT_COLOR_NAME = AccentColor;
				CODE_SIGN_STYLE = Automatic;
				CURRENT_PROJECT_VERSION = 1;
				DEVELOPMENT_ASSET_PATHS = "\"minesweeper 2.0/Preview Content\"";
				DEVELOPMENT_TEAM = QKFB852L7T;
				ENABLE_PREVIEWS = YES;
				GENERATE_INFOPLIST_FILE = YES;
				INFOPLIST_KEY_UIApplicationSceneManifest_Generation = YES;
				INFOPLIST_KEY_UIApplicationSupportsIndirectInputEvents = YES;
				INFOPLIST_KEY_UILaunchScreen_Generation = YES;
				INFOPLIST_KEY_UISupportedInterfaceOrientations_iPad = "UIInterfaceOrientationPortrait UIInterfaceOrientationPortraitUpsideDown UIInterfaceOrientationLandscapeLeft UIInterfaceOrientationLandscapeRight";
				INFOPLIST_KEY_UISupportedInterfaceOrientations_iPhone = "UIInterfaceOrientationPortrait UIInterfaceOrientationLandscapeLeft UIInterfaceOrientationLandscapeRight";
				LD_RUNPATH_SEARCH_PATHS = (
					"$(inherited)",
					"@executable_path/Frameworks",
				);
				MARKETING_VERSION = 1.0;
				PRODUCT_BUNDLE_IDENTIFIER = "tylink.minesweeper-2-0";
				PRODUCT_NAME = "$(TARGET_NAME)";
				SWIFT_EMIT_LOC_STRINGS = YES;
				SWIFT_VERSION = 5.0;
				TARGETED_DEVICE_FAMILY = "1,2";
			};
			name = Release;
		};
		176F03B12D08E796005DCB87 /* Debug */ = {
			isa = XCBuildConfiguration;
			buildSettings = {
				ALWAYS_EMBED_SWIFT_STANDARD_LIBRARIES = YES;
				BUNDLE_LOADER = "$(TEST_HOST)";
				CODE_SIGN_STYLE = Automatic;
				CURRENT_PROJECT_VERSION = 1;
				DEVELOPMENT_TEAM = QKFB852L7T;
				GENERATE_INFOPLIST_FILE = YES;
				IPHONEOS_DEPLOYMENT_TARGET = 17.2;
				MARKETING_VERSION = 1.0;
				PRODUCT_BUNDLE_IDENTIFIER = "tylink.minesweeper-2-0Tests";
				PRODUCT_NAME = "$(TARGET_NAME)";
				SWIFT_EMIT_LOC_STRINGS = NO;
				SWIFT_VERSION = 5.0;
				TARGETED_DEVICE_FAMILY = "1,2";
				TEST_HOST = "$(BUILT_PRODUCTS_DIR)/minesweeper 2.0.app/$(BUNDLE_EXECUTABLE_FOLDER_PATH)/minesweeper 2.0";
			};
			name = Debug;
		};
		176F03B22D08E796005DCB87 /* Release */ = {
			isa = XCBuildConfiguration;
			buildSettings = {
				ALWAYS_EMBED_SWIFT_STANDARD_LIBRARIES = YES;
				BUNDLE_LOADER = "$(TEST_HOST)";
				CODE_SIGN_STYLE = Automatic;
				CURRENT_PROJECT_VERSION = 1;
				DEVELOPMENT_TEAM = QKFB852L7T;
				GENERATE_INFOPLIST_FILE = YES;
				IPHONEOS_DEPLOYMENT_TARGET = 17.2;
				MARKETING_VERSION = 1.0;
				PRODUCT_BUNDLE_IDENTIFIER = "tylink.minesweeper-2-0Tests";
				PRODUCT_NAME = "$(TARGET_NAME)";
				SWIFT_EMIT_LOC_STRINGS = NO;
				SWIFT_VERSION = 5.0;
				TARGETED_DEVICE_FAMILY = "1,2";
				TEST_HOST = "$(BUILT_PRODUCTS_DIR)/minesweeper 2.0.app/$(BUNDLE_EXECUTABLE_FOLDER_PATH)/minesweeper 2.0";
			};
			name = Release;
		};
		176F03B42D08E796005DCB87 /* Debug */ = {
			isa = XCBuildConfiguration;
			buildSettings = {
				ALWAYS_EMBED_SWIFT_STANDARD_LIBRARIES = YES;
				CODE_SIGN_STYLE = Automatic;
				CURRENT_PROJECT_VERSION = 1;
				DEVELOPMENT_TEAM = QKFB852L7T;
				GENERATE_INFOPLIST_FILE = YES;
				MARKETING_VERSION = 1.0;
				PRODUCT_BUNDLE_IDENTIFIER = "tylink.minesweeper-2-0UITests";
				PRODUCT_NAME = "$(TARGET_NAME)";
				SWIFT_EMIT_LOC_STRINGS = NO;
				SWIFT_VERSION = 5.0;
				TARGETED_DEVICE_FAMILY = "1,2";
				TEST_TARGET_NAME = "minesweeper 2.0";
			};
			name = Debug;
		};
		176F03B52D08E796005DCB87 /* Release */ = {
			isa = XCBuildConfiguration;
			buildSettings = {
				ALWAYS_EMBED_SWIFT_STANDARD_LIBRARIES = YES;
				CODE_SIGN_STYLE = Automatic;
				CURRENT_PROJECT_VERSION = 1;
				DEVELOPMENT_TEAM = QKFB852L7T;
				GENERATE_INFOPLIST_FILE = YES;
				MARKETING_VERSION = 1.0;
				PRODUCT_BUNDLE_IDENTIFIER = "tylink.minesweeper-2-0UITests";
				PRODUCT_NAME = "$(TARGET_NAME)";
				SWIFT_EMIT_LOC_STRINGS = NO;
				SWIFT_VERSION = 5.0;
				TARGETED_DEVICE_FAMILY = "1,2";
				TEST_TARGET_NAME = "minesweeper 2.0";
			};
			name = Release;
		};
/* End XCBuildConfiguration section */

/* Begin XCConfigurationList section */
		176F03842D08E792005DCB87 /* Build configuration list for PBXProject "minesweeper 2.0" */ = {
			isa = XCConfigurationList;
			buildConfigurations = (
				176F03AB2D08E796005DCB87 /* Debug */,
				176F03AC2D08E796005DCB87 /* Release */,
			);
			defaultConfigurationIsVisible = 0;
			defaultConfigurationName = Release;
		};
		176F03AD2D08E796005DCB87 /* Build configuration list for PBXNativeTarget "minesweeper 2.0" */ = {
			isa = XCConfigurationList;
			buildConfigurations = (
				176F03AE2D08E796005DCB87 /* Debug */,
				176F03AF2D08E796005DCB87 /* Release */,
			);
			defaultConfigurationIsVisible = 0;
			defaultConfigurationName = Release;
		};
		176F03B02D08E796005DCB87 /* Build configuration list for PBXNativeTarget "minesweeper 2.0Tests" */ = {
			isa = XCConfigurationList;
			buildConfigurations = (
				176F03B12D08E796005DCB87 /* Debug */,
				176F03B22D08E796005DCB87 /* Release */,
			);
			defaultConfigurationIsVisible = 0;
			defaultConfigurationName = Release;
		};
		176F03B32D08E796005DCB87 /* Build configuration list for PBXNativeTarget "minesweeper 2.0UITests" */ = {
			isa = XCConfigurationList;
			buildConfigurations = (
				176F03B42D08E796005DCB87 /* Debug */,
				176F03B52D08E796005DCB87 /* Release */,
			);
			defaultConfigurationIsVisible = 0;
			defaultConfigurationName = Release;
		};
/* End XCConfigurationList section */
	};
	rootObject = 176F03812D08E792005DCB87 /* Project object */;
}
